
Microsoft Visual Studio Solution File, Format Version 12.00
# Visual Studio Version 16
VisualStudioVersion = 16.0.31702.278
MinimumVisualStudioVersion = 10.0.40219.1
Project("{FAE04EC0-301F-11D3-BF4B-00C04F79EFBC}") = "MedievalBiotech", "MedievalBiotech.csproj", "{00DE61BB-203D-456E-8324-AF5DAA5DE5CE}"
EndProject
Global
	GlobalSection(SolutionConfigurationPlatforms) = preSolution
		Debug|Any CPU = Debug|Any CPU
		Release|Any CPU = Release|Any CPU
	EndGlobalSection
	GlobalSection(ProjectConfigurationPlatforms) = postSolution
		{00DE61BB-203D-456E-8324-AF5DAA5DE5CE}.Debug|Any CPU.ActiveCfg = Debug|Any CPU
		{00DE61BB-203D-456E-8324-AF5DAA5DE5CE}.Debug|Any CPU.Build.0 = Debug|Any CPU
		{00DE61BB-203D-456E-8324-AF5DAA5DE5CE}.Release|Any CPU.ActiveCfg = Release|Any CPU
		{00DE61BB-203D-456E-8324-AF5DAA5DE5CE}.Release|Any CPU.Build.0 = Release|Any CPU
	EndGlobalSection
	GlobalSection(SolutionProperties) = preSolution
		HideSolutionNode = FALSE
	EndGlobalSection
	GlobalSection(ExtensibilityGlobals) = postSolution
		SolutionGuid = {0EAF1A09-324D-4471-B446-5BE7D882D008}
	EndGlobalSection
EndGlobal
